
Microsoft Visual Studio Solution File, Format Version 12.00
# Visual Studio Version 17
VisualStudioVersion = 17.5.002.0
MinimumVisualStudioVersion = 10.0.40219.1
Project("{9A19103F-16F7-4668-BE54-9A1E7A4F7556}") = "Hello-Quantum-Microsoft-QSharp", "Hello-Quantum-Microsoft-QSharp.csproj", "{554189A7-1A4C-4092-87D1-338447DA4D3E}"
EndProject
Global
	GlobalSection(SolutionConfigurationPlatforms) = preSolution
		Debug|Any CPU = Debug|Any CPU
		Release|Any CPU = Release|Any CPU
	EndGlobalSection
	GlobalSection(ProjectConfigurationPlatforms) = postSolution
		{554189A7-1A4C-4092-87D1-338447DA4D3E}.Debug|Any CPU.ActiveCfg = Debug|Any CPU
		{554189A7-1A4C-4092-87D1-338447DA4D3E}.Debug|Any CPU.Build.0 = Debug|Any CPU
		{554189A7-1A4C-4092-87D1-338447DA4D3E}.Release|Any CPU.ActiveCfg = Release|Any CPU
		{554189A7-1A4C-4092-87D1-338447DA4D3E}.Release|Any CPU.Build.0 = Release|Any CPU
	EndGlobalSection
	GlobalSection(SolutionProperties) = preSolution
		HideSolutionNode = FALSE
	EndGlobalSection
	GlobalSection(ExtensibilityGlobals) = postSolution
		SolutionGuid = {29E92B8A-7192-4927-89E1-64D50DCA3805}
	EndGlobalSection
EndGlobal
